
Microsoft Visual Studio Solution File, Format Version 12.00
# Visual Studio Version 16
VisualStudioVersion = 16.0.30330.147
MinimumVisualStudioVersion = 10.0.40219.1
Project("{FAE04EC0-301F-11D3-BF4B-00C04F79EFBC}") = "HelpWithChoosing", "HelpWithChoosing.csproj", "{FF23D8BD-2514-467E-9A34-BAC4EDAC7A36}"
EndProject
Global
	GlobalSection(SolutionConfigurationPlatforms) = preSolution
		Debug|Any CPU = Debug|Any CPU
		Release|Any CPU = Release|Any CPU
	EndGlobalSection
	GlobalSection(ProjectConfigurationPlatforms) = postSolution
		{FF23D8BD-2514-467E-9A34-BAC4EDAC7A36}.Debug|Any CPU.ActiveCfg = Debug|Any CPU
		{FF23D8BD-2514-467E-9A34-BAC4EDAC7A36}.Debug|Any CPU.Build.0 = Debug|Any CPU
		{FF23D8BD-2514-467E-9A34-BAC4EDAC7A36}.Release|Any CPU.ActiveCfg = Release|Any CPU
		{FF23D8BD-2514-467E-9A34-BAC4EDAC7A36}.Release|Any CPU.Build.0 = Release|Any CPU
	EndGlobalSection
	GlobalSection(SolutionProperties) = preSolution
		HideSolutionNode = FALSE
	EndGlobalSection
	GlobalSection(ExtensibilityGlobals) = postSolution
		SolutionGuid = {140E3E04-0830-4436-9274-B6AF669EE541}
	EndGlobalSection
EndGlobal
